# This file is generated by running "yarn install" inside your project.
# Manual changes might be lost - proceed with caution!

__metadata:
  version: 6

"@supersami/rn-foreground-service@workspace:.":
  version: 0.0.0-use.local
  resolution: "@supersami/rn-foreground-service@workspace:."
  peerDependencies:
    react-native: ">=0.59.0"
  languageName: unknown
  linkType: soft
